schema: '2.0'
stages:
  prepare:
    cmd: python -m src.churn.prepare
    deps:
    - path: data/raw/churn.csv
      hash: md5
      md5: 597a8747669b4c741d097d119b8971a1
      size: 431234
    - path: src/churn/config.py
      hash: md5
      md5: e4dfdd05aaac0374e10ff5a236cd9ac7
      size: 5100
    - path: src/churn/prepare.py
      hash: md5
      md5: 898b8cf86bc764e2264a36b233f7113b
      size: 2469
    params:
      params.yaml:
        prepare.drop_columns:
        - Area Code
        prepare.stratify: true
        prepare.target: Churn
        prepare.test_size: 0.2
        seed: 42
    outs:
    - path: data/processed/train.csv
      hash: md5
      md5: 43974449dfa00c64b0a43311ae07e0ea
      size: 226960
    - path: data/processed/valid.csv
      hash: md5
      md5: 8116aa72c2d7f7045279aa45ba962506
      size: 56951
  train:
    cmd: python -m src.churn.train
    deps:
    - path: data/processed/train.csv
      hash: md5
      md5: 43974449dfa00c64b0a43311ae07e0ea
      size: 226960
    - path: data/processed/valid.csv
      hash: md5
      md5: 8116aa72c2d7f7045279aa45ba962506
      size: 56951
    - path: src/churn/config.py
      hash: md5
      md5: e4dfdd05aaac0374e10ff5a236cd9ac7
      size: 5100
    - path: src/churn/scoring.py
      hash: md5
      md5: 20e1d0286d79a6e54333b514df3b9eee
      size: 1784
    - path: src/churn/train.py
      hash: md5
      md5: 7975555377cfa9401d123b463fa4d773
      size: 6720
    params:
      params.yaml:
        prepare.target: Churn
        seed: 42
        train.class_weight: balanced
        train.max_depth: 8
        train.min_samples_leaf: 2
        train.model: random_forest
        train.n_estimators: 200
    outs:
    - path: models/mlflow_run_id
      hash: md5
      md5: b2486e02ac29908de33cbf74f3064205
      size: 32
    - path: models/model.joblib
      hash: md5
      md5: d4b9f07501b6f3d896564f6bc6d5fb73
      size: 2105515
  evaluate:
    cmd: python -m src.churn.evaluate
    deps:
    - path: data/processed/valid.csv
      hash: md5
      md5: 8116aa72c2d7f7045279aa45ba962506
      size: 56951
    - path: models/mlflow_run_id
      hash: md5
      md5: b2486e02ac29908de33cbf74f3064205
      size: 32
    - path: models/model.joblib
      hash: md5
      md5: d4b9f07501b6f3d896564f6bc6d5fb73
      size: 2105515
    - path: src/churn/config.py
      hash: md5
      md5: e4dfdd05aaac0374e10ff5a236cd9ac7
      size: 5100
    - path: src/churn/evaluate.py
      hash: md5
      md5: 4abc43d9f819732eb2ec2fd85923f444
      size: 2407
    params:
      params.yaml:
        evaluate.min_f1: 0.6
        evaluate.threshold: 0.5
        prepare.target: Churn
    outs:
    - path: metrics/metrics.json
      hash: md5
      md5: ec180aa03c6380ed1d84c9332bee467d
      size: 158
