schema: '2.0'
stages:
  prepare:
    cmd: python -m src.churn.prepare
    deps:
    - path: data/raw/churn.csv
      hash: md5
      md5: 597a8747669b4c741d097d119b8971a1
      size: 431234
    - path: src/churn/config.py
      hash: md5
      md5: 720c219fad2217be8bd0bbc73ac265c4
      size: 4958
    - path: src/churn/prepare.py
      hash: md5
      md5: 1d5ed66acaade71d2d605f56d2b9cebe
      size: 2390
    params:
      params.yaml:
        prepare.drop_columns:
        - Area Code
        prepare.stratify: true
        prepare.target: Churn
        prepare.test_size: 0.2
        seed: 42
    outs:
    - path: data/processed/train.csv
      hash: md5
      md5: bc75cada1470c172c9ffb6f227748d45
      size: 224293
    - path: data/processed/valid.csv
      hash: md5
      md5: 8e9cccec10bed2eb93e24f0a661a65b1
      size: 56283
  train:
    cmd: python -m src.churn.train
    deps:
    - path: data/processed/train.csv
      hash: md5
      md5: bc75cada1470c172c9ffb6f227748d45
      size: 224293
    - path: data/processed/valid.csv
      hash: md5
      md5: 8e9cccec10bed2eb93e24f0a661a65b1
      size: 56283
    - path: src/churn/config.py
      hash: md5
      md5: 720c219fad2217be8bd0bbc73ac265c4
      size: 4958
    - path: src/churn/scoring.py
      hash: md5
      md5: 1d454b598e26300d5c9d94559c12e8ca
      size: 1731
    - path: src/churn/train.py
      hash: md5
      md5: 8dff36b3a1a18c805d86f45241f30289
      size: 6613
    params:
      params.yaml:
        prepare.target: Churn
        seed: 42
        train.class_weight: balanced
        train.max_depth: 8
        train.min_samples_leaf: 2
        train.model: random_forest
        train.n_estimators: 200
    outs:
    - path: models/mlflow_run_id
      hash: md5
      md5: 062869416121276ccf7baaffe4120a08
      size: 32
    - path: models/model.joblib
      hash: md5
      md5: d178975043cb65472875472f1835fc19
      size: 2105547
  evaluate:
    cmd: python -m src.churn.evaluate
    deps:
    - path: data/processed/valid.csv
      hash: md5
      md5: 8e9cccec10bed2eb93e24f0a661a65b1
      size: 56283
    - path: models/mlflow_run_id
      hash: md5
      md5: 062869416121276ccf7baaffe4120a08
      size: 32
    - path: models/model.joblib
      hash: md5
      md5: d178975043cb65472875472f1835fc19
      size: 2105547
    - path: src/churn/config.py
      hash: md5
      md5: 720c219fad2217be8bd0bbc73ac265c4
      size: 4958
    - path: src/churn/evaluate.py
      hash: md5
      md5: 14f08e0af5fccac7655fc16288a7a5d5
      size: 2332
    params:
      params.yaml:
        evaluate.min_f1: 0.6
        evaluate.threshold: 0.5
        prepare.target: Churn
    outs:
    - path: metrics/metrics.json
      hash: md5
      md5: 8f1b56739f6395345777b2bfbb641098
      size: 149
